
Microsoft Visual Studio Solution File, Format Version 12.00
# Visual Studio Version 16
VisualStudioVersion = 16.0.29709.97
MinimumVisualStudioVersion = 10.0.40219.1
Project("{FAE04EC0-301F-11D3-BF4B-00C04F79EFBC}") = "GC_Lab_3.2", "GC_Lab_3.2\GC_Lab_3.2.csproj", "{9C9A63FA-7ED3-4A01-AC61-5319247A6353}"
EndProject
Global
	GlobalSection(SolutionConfigurationPlatforms) = preSolution
		Debug|Any CPU = Debug|Any CPU
		Release|Any CPU = Release|Any CPU
	EndGlobalSection
	GlobalSection(ProjectConfigurationPlatforms) = postSolution
		{9C9A63FA-7ED3-4A01-AC61-5319247A6353}.Debug|Any CPU.ActiveCfg = Debug|Any CPU
		{9C9A63FA-7ED3-4A01-AC61-5319247A6353}.Debug|Any CPU.Build.0 = Debug|Any CPU
		{9C9A63FA-7ED3-4A01-AC61-5319247A6353}.Release|Any CPU.ActiveCfg = Release|Any CPU
		{9C9A63FA-7ED3-4A01-AC61-5319247A6353}.Release|Any CPU.Build.0 = Release|Any CPU
	EndGlobalSection
	GlobalSection(SolutionProperties) = preSolution
		HideSolutionNode = FALSE
	EndGlobalSection
	GlobalSection(ExtensibilityGlobals) = postSolution
		SolutionGuid = {B1320C80-4C1A-4FA6-938F-BE8DD7A289B4}
	EndGlobalSection
EndGlobal
